
Microsoft Visual Studio Solution File, Format Version 12.00
# Visual Studio 15
VisualStudioVersion = 15.0.26430.6
MinimumVisualStudioVersion = 10.0.40219.1
Project("{FAE04EC0-301F-11D3-BF4B-00C04F79EFBC}") = "RestaurantApp", "RestaurantApp\RestaurantApp.csproj", "{FA8A03EB-8CE2-41B0-82A7-A566D5AE5A06}"
EndProject
Project("{FAE04EC0-301F-11D3-BF4B-00C04F79EFBC}") = "RestaurantAppWeb", "RestaurantAppWeb\RestaurantAppWeb.csproj", "{47E2A430-079D-4E10-BEC5-5D008988E267}"
EndProject
Global
	GlobalSection(SolutionConfigurationPlatforms) = preSolution
		Debug|Any CPU = Debug|Any CPU
		Release|Any CPU = Release|Any CPU
	EndGlobalSection
	GlobalSection(ProjectConfigurationPlatforms) = postSolution
		{FA8A03EB-8CE2-41B0-82A7-A566D5AE5A06}.Debug|Any CPU.ActiveCfg = Debug|Any CPU
		{FA8A03EB-8CE2-41B0-82A7-A566D5AE5A06}.Debug|Any CPU.Build.0 = Debug|Any CPU
		{FA8A03EB-8CE2-41B0-82A7-A566D5AE5A06}.Debug|Any CPU.Deploy.0 = Debug|Any CPU
		{FA8A03EB-8CE2-41B0-82A7-A566D5AE5A06}.Release|Any CPU.ActiveCfg = Release|Any CPU
		{FA8A03EB-8CE2-41B0-82A7-A566D5AE5A06}.Release|Any CPU.Build.0 = Release|Any CPU
		{FA8A03EB-8CE2-41B0-82A7-A566D5AE5A06}.Release|Any CPU.Deploy.0 = Release|Any CPU
		{47E2A430-079D-4E10-BEC5-5D008988E267}.Debug|Any CPU.ActiveCfg = Debug|Any CPU
		{47E2A430-079D-4E10-BEC5-5D008988E267}.Debug|Any CPU.Build.0 = Debug|Any CPU
		{47E2A430-079D-4E10-BEC5-5D008988E267}.Release|Any CPU.ActiveCfg = Release|Any CPU
		{47E2A430-079D-4E10-BEC5-5D008988E267}.Release|Any CPU.Build.0 = Release|Any CPU
	EndGlobalSection
	GlobalSection(SolutionProperties) = preSolution
		HideSolutionNode = FALSE
	EndGlobalSection
EndGlobal
